
Microsoft Visual Studio Solution File, Format Version 12.00
# Visual Studio Version 17
VisualStudioVersion = 17.0.31912.275
MinimumVisualStudioVersion = 10.0.40219.1
Project("{FAE04EC0-301F-11D3-BF4B-00C04F79EFBC}") = "Wmp2iTunes", "Wmp2iTunes\Wmp2iTunes.csproj", "{5742FD9E-446A-4354-A5D4-F83B8818F14E}"
EndProject
Project("{FAE04EC0-301F-11D3-BF4B-00C04F79EFBC}") = "Test_Wmp2iTunes", "Test_Wmp2iTunes\Test_Wmp2iTunes.csproj", "{9F031098-B78C-4812-83F5-9777B2922B76}"
EndProject
Global
	GlobalSection(SolutionConfigurationPlatforms) = preSolution
		Debug|Any CPU = Debug|Any CPU
		Release|Any CPU = Release|Any CPU
	EndGlobalSection
	GlobalSection(ProjectConfigurationPlatforms) = postSolution
		{5742FD9E-446A-4354-A5D4-F83B8818F14E}.Debug|Any CPU.ActiveCfg = Debug|Any CPU
		{5742FD9E-446A-4354-A5D4-F83B8818F14E}.Debug|Any CPU.Build.0 = Debug|Any CPU
		{5742FD9E-446A-4354-A5D4-F83B8818F14E}.Release|Any CPU.ActiveCfg = Release|Any CPU
		{5742FD9E-446A-4354-A5D4-F83B8818F14E}.Release|Any CPU.Build.0 = Release|Any CPU
		{9F031098-B78C-4812-83F5-9777B2922B76}.Debug|Any CPU.ActiveCfg = Debug|Any CPU
		{9F031098-B78C-4812-83F5-9777B2922B76}.Debug|Any CPU.Build.0 = Debug|Any CPU
		{9F031098-B78C-4812-83F5-9777B2922B76}.Release|Any CPU.ActiveCfg = Release|Any CPU
		{9F031098-B78C-4812-83F5-9777B2922B76}.Release|Any CPU.Build.0 = Release|Any CPU
	EndGlobalSection
	GlobalSection(SolutionProperties) = preSolution
		HideSolutionNode = FALSE
	EndGlobalSection
	GlobalSection(ExtensibilityGlobals) = postSolution
		SolutionGuid = {C073906B-97CF-4ACD-8B46-0E2ACF3D1FCB}
	EndGlobalSection
EndGlobal
